{
  "version": 1,
  "dependencies": {
    "net9.0": {
      "coverlet.collector": {
        "type": "Direct",
        "requested": "[6.0.4, )",
        "resolved": "6.0.4",
        "contentHash": "lkhqpF8Pu2Y7IiN7OntbsTtdbpR1syMsm2F3IgX6ootA4ffRqWL5jF7XipHuZQTdVuWG/gVAAcf8mjk8Tz0xPg=="
      },
      "Microsoft.AspNetCore.Mvc.Testing": {
        "type": "Direct",
        "requested": "[9.0.3, )",
        "resolved": "9.0.3",
        "contentHash": "fiOMINZ68io+K/VvcRUcoaOANQnYmKBtFdk3OLvH/PEcW5qO2YSorBf8JfQAns+8sAEXsryq4TdPL9K67UjwXw==",
        "dependencies": {
          "Microsoft.AspNetCore.TestHost": "9.0.3",
          "Microsoft.Extensions.DependencyModel": "9.0.3",
          "Microsoft.Extensions.Hosting": "9.0.3"
        }
      },
      "Microsoft.EntityFrameworkCore.SqlServer": {
        "type": "Direct",
        "requested": "[9.0.3, )",
        "resolved": "9.0.3",
        "contentHash": "poKK0h5fldiBkpk/L/xq9Scd4FpnnZPj0SAKArnykqSMVJErd9iKtmCG5CjCpSPHrSdEyk8Uc4WUIWJ55i4JFg==",
        "dependencies": {
          "Microsoft.Data.SqlClient": "5.1.6",
          "Microsoft.EntityFrameworkCore.Relational": "9.0.3",
          "Microsoft.Extensions.Caching.Memory": "9.0.3",
          "Microsoft.Extensions.Configuration.Abstractions": "9.0.3",
          "Microsoft.Extensions.Logging": "9.0.3",
          "System.Formats.Asn1": "9.0.3",
          "System.Text.Json": "9.0.3"
        }
      },
      "Microsoft.NET.Test.Sdk": {
        "type": "Direct",
        "requested": "[17.13.0, )",
        "resolved": "17.13.0",
        "contentHash": "W19wCPizaIC9Zh47w8wWI/yxuqR7/dtABwOrc8r2jX/8mUNxM2vw4fXDh+DJTeogxV+KzKwg5jNNGQVwf3LXyA==",
        "dependencies": {
          "Microsoft.CodeCoverage": "17.13.0",
          "Microsoft.TestPlatform.TestHost": "17.13.0"
        }
      },
      "MSTest.TestAdapter": {
        "type": "Direct",
        "requested": "[3.8.3, )",
        "resolved": "3.8.3",
        "contentHash": "1BCQLY74z6hhKl7UHJRgJvWfaD3MDQ+KLqHHqHnxmCJqeQKJUSESWGepA5N/rlperXGzWl5PH4ES/Jtch+uiIA==",
        "dependencies": {
          "Microsoft.Testing.Extensions.VSTestBridge": "1.6.3",
          "Microsoft.Testing.Platform.MSBuild": "1.6.3"
        }
      },
      "MSTest.TestFramework": {
        "type": "Direct",
        "requested": "[3.8.3, )",
        "resolved": "3.8.3",
        "contentHash": "WGIxZYQrWm+9Md3oRiRaGvq4uTqbLt0T543gAyIQhYP1olvUH7ptH7rmR1SZ60SrJ8mjH5BBEjmB/4kX++u7JA==",
        "dependencies": {
          "MSTest.Analyzers": "3.8.3"
        }
      },
      "Testcontainers.MsSql": {
        "type": "Direct",
        "requested": "[4.3.0, )",
        "resolved": "4.3.0",
        "contentHash": "cuFPklU0tcFB0X2KyUNMBoPFMxmUCG793Jj0SNIWni+LG7YgUp3r6T2jbwAWKZHpFS3/Q/SIvpUPfcgB1pAd3g==",
        "dependencies": {
          "Testcontainers": "4.3.0"
        }
      },
      "Azure.Core": {
        "type": "Transitive",
        "resolved": "1.38.0",
        "contentHash": "IuEgCoVA0ef7E4pQtpC3+TkPbzaoQfa77HlfJDmfuaJUCVJmn7fT0izamZiryW5sYUFKizsftIxMkXKbgIcPMQ==",
        "dependencies": {
          "Microsoft.Bcl.AsyncInterfaces": "1.1.1",
          "System.ClientModel": "1.0.0",
          "System.Diagnostics.DiagnosticSource": "6.0.1",
          "System.Memory.Data": "1.0.2",
          "System.Numerics.Vectors": "4.5.0",
          "System.Text.Encodings.Web": "4.7.2",
          "System.Text.Json": "4.7.2",
          "System.Threading.Tasks.Extensions": "4.5.4"
        }
      },
      "Azure.Identity": {
        "type": "Transitive",
        "resolved": "1.11.4",
        "contentHash": "Sf4BoE6Q3jTgFkgBkx7qztYOFELBCo+wQgpYDwal/qJ1unBH73ywPztIJKXBXORRzAeNijsuxhk94h0TIMvfYg==",
        "dependencies": {
          "Azure.Core": "1.38.0",
          "Microsoft.Identity.Client": "4.61.3",
          "Microsoft.Identity.Client.Extensions.Msal": "4.61.3",
          "System.Memory": "4.5.4",
          "System.Security.Cryptography.ProtectedData": "4.7.0",
          "System.Text.Json": "4.7.2",
          "System.Threading.Tasks.Extensions": "4.5.4"
        }
      },
      "BouncyCastle.Cryptography": {
        "type": "Transitive",
        "resolved": "2.4.0",
        "contentHash": "SwXsAV3sMvAU/Nn31pbjhWurYSjJ+/giI/0n6tCrYoupEK34iIHCuk3STAd9fx8yudM85KkLSVdn951vTng/vQ=="
      },
      "Docker.DotNet.Enhanced": {
        "type": "Transitive",
        "resolved": "3.126.1",
        "contentHash": "UPyLBLBaVE3s7OCWM0h5g9w6mUOag5sOIP5CldFQekIWo/gHixgZR+o5fG7eCFH4ZdKlvBGM4ALFuOyPoKoJ3A=="
      },
      "Docker.DotNet.Enhanced.X509": {
        "type": "Transitive",
        "resolved": "3.126.1",
        "contentHash": "XFHMC/iWHbloQgg9apZrxu010DmSamaAggu8nomCqTeotGyUGkv2Tt/aqk1ljC/4tjtTrb9LtFQwYpwZbMbiKg==",
        "dependencies": {
          "Docker.DotNet.Enhanced": "3.126.1"
        }
      },
      "Microsoft.ApplicationInsights": {
        "type": "Transitive",
        "resolved": "2.23.0",
        "contentHash": "nWArUZTdU7iqZLycLKWe0TDms48KKGE6pONH2terYNa8REXiqixrMOkf1sk5DHGMaUTqONU2YkS4SAXBhLStgw==",
        "dependencies": {
          "System.Diagnostics.DiagnosticSource": "5.0.0"
        }
      },
      "Microsoft.ApplicationInsights.AspNetCore": {
        "type": "Transitive",
        "resolved": "2.23.0",
        "contentHash": "we/RsIn0Mwf/4ZNGXZixJ0lVD3pqjx2yVeKfqJybgYY/Lib8nnf+8YGJp+ULN3kOk39I0pI/7ZnF9LFy6hS3lw==",
        "dependencies": {
          "Microsoft.ApplicationInsights": "2.23.0",
          "Microsoft.ApplicationInsights.DependencyCollector": "2.23.0",
          "Microsoft.ApplicationInsights.EventCounterCollector": "2.23.0",
          "Microsoft.ApplicationInsights.PerfCounterCollector": "2.23.0",
          "Microsoft.ApplicationInsights.WindowsServer": "2.23.0",
          "Microsoft.ApplicationInsights.WindowsServer.TelemetryChannel": "2.23.0",
          "Microsoft.AspNetCore.Hosting": "2.1.1",
          "Microsoft.AspNetCore.Http": "2.1.22",
          "Microsoft.Extensions.Configuration.Json": "3.1.0",
          "Microsoft.Extensions.Logging.ApplicationInsights": "2.23.0",
          "System.Text.Encodings.Web": "4.7.2"
        }
      },
      "Microsoft.ApplicationInsights.DependencyCollector": {
        "type": "Transitive",
        "resolved": "2.23.0",
        "contentHash": "9YRdl9SNbTxd4AafJckyoJLr5gJdnvqFivjo+PY0lQTPEncPB+z3ZABG4iDfxN9HI1aLqyRINr1/7de9Wg8ZuQ==",
        "dependencies": {
          "Microsoft.ApplicationInsights": "2.23.0",
          "System.Diagnostics.DiagnosticSource": "5.0.0"
        }
      },
      "Microsoft.ApplicationInsights.EventCounterCollector": {
        "type": "Transitive",
        "resolved": "2.23.0",
        "contentHash": "gGt0JPw2dcSeIAIefyORJBdeMz8KgAFIktu8HV/NwkiGmLyw+YtifLm6B5gvGxO15AeMsGPbmvWEIvLfq88XPw==",
        "dependencies": {
          "Microsoft.ApplicationInsights": "2.23.0"
        }
      },
      "Microsoft.ApplicationInsights.PerfCounterCollector": {
        "type": "Transitive",
        "resolved": "2.23.0",
        "contentHash": "q9ApjZfBS9O8m3aQM2oVjsGBmlE8BCFywT7UR+8aqdNuz7HpoIxw4jHy0XOBergiFX/olrJF4OyPkGxc3H5JHg==",
        "dependencies": {
          "Microsoft.ApplicationInsights": "2.23.0",
          "Microsoft.Extensions.Caching.Memory": "1.0.0",
          "System.Diagnostics.PerformanceCounter": "6.0.0"
        }
      },
      "Microsoft.ApplicationInsights.WindowsServer": {
        "type": "Transitive",
        "resolved": "2.23.0",
        "contentHash": "2B8CGfnB/tribkQAqRBhMvJYJK5TkEPMG/BB0QrlxdwVGEufayNLMveXjkQCqld9arXd6wKR1ve2XmkA0+xXKQ==",
        "dependencies": {
          "Microsoft.ApplicationInsights": "2.23.0",
          "Microsoft.ApplicationInsights.DependencyCollector": "2.23.0",
          "Microsoft.ApplicationInsights.PerfCounterCollector": "2.23.0",
          "Microsoft.ApplicationInsights.WindowsServer.TelemetryChannel": "2.23.0",
          "System.Diagnostics.DiagnosticSource": "5.0.0"
        }
      },
      "Microsoft.ApplicationInsights.WindowsServer.TelemetryChannel": {
        "type": "Transitive",
        "resolved": "2.23.0",
        "contentHash": "798Dudr4tkujslk1w+XcXOcCErmVsk+nhp+QCHLa3lcgi25vkAxBmzPUeQlRJVCNL/1f4x/YF+vQZ8RSuTXWCw==",
        "dependencies": {
          "Microsoft.ApplicationInsights": "2.23.0",
          "System.IO.FileSystem.AccessControl": "4.7.0"
        }
      },
      "Microsoft.AspNetCore.Hosting": {
        "type": "Transitive",
        "resolved": "2.1.1",
        "contentHash": "MqYc0DUxrhAPnb5b4HFspxsoJT+gJlLsliSxIgovf4BsbmpaXQId0/pDiVzLuEbmks2w1/lRfY8w0lQOuK1jQQ==",
        "dependencies": {
          "Microsoft.AspNetCore.Hosting.Abstractions": "2.1.1",
          "Microsoft.AspNetCore.Http": "2.1.1",
          "Microsoft.AspNetCore.Http.Extensions": "2.1.1",
          "Microsoft.Extensions.Configuration": "2.1.1",
          "Microsoft.Extensions.Configuration.EnvironmentVariables": "2.1.1",
          "Microsoft.Extensions.Configuration.FileExtensions": "2.1.1",
          "Microsoft.Extensions.DependencyInjection": "2.1.1",
          "Microsoft.Extensions.FileProviders.Physical": "2.1.1",
          "Microsoft.Extensions.Hosting.Abstractions": "2.1.1",
          "Microsoft.Extensions.Logging": "2.1.1",
          "Microsoft.Extensions.Options": "2.1.1",
          "System.Diagnostics.DiagnosticSource": "4.5.0",
          "System.Reflection.Metadata": "1.6.0"
        }
      },
      "Microsoft.AspNetCore.Hosting.Abstractions": {
        "type": "Transitive",
        "resolved": "2.1.1",
        "contentHash": "76cKcp2pWhvdV2TXTqMg/DyW7N6cDzTEhtL8vVWFShQN+Ylwv3eO/vUQr2BS3Hz4IZHEpL+FOo2T+MtymHDqDQ==",
        "dependencies": {
          "Microsoft.AspNetCore.Hosting.Server.Abstractions": "2.1.1",
          "Microsoft.AspNetCore.Http.Abstractions": "2.1.1",
          "Microsoft.Extensions.Hosting.Abstractions": "2.1.1"
        }
      },
      "Microsoft.AspNetCore.Hosting.Server.Abstractions": {
        "type": "Transitive",
        "resolved": "2.1.1",
        "contentHash": "+vD7HJYzAXNq17t+NgRkpS38cxuAyOBu8ixruOiA3nWsybozolUdALWiZ5QFtGRzajSLPFA2YsbO3NPcqoUwcw==",
        "dependencies": {
          "Microsoft.AspNetCore.Http.Features": "2.1.1",
          "Microsoft.Extensions.Configuration.Abstractions": "2.1.1"
        }
      },
      "Microsoft.AspNetCore.Http": {
        "type": "Transitive",
        "resolved": "2.1.22",
        "contentHash": "+Blk++1JWqghbl8+3azQmKhiNZA5wAepL9dY2I6KVmu2Ri07MAcvAVC888qUvO7yd7xgRgZOMfihezKg14O/2A==",
        "dependencies": {
          "Microsoft.AspNetCore.Http.Abstractions": "2.1.1",
          "Microsoft.AspNetCore.WebUtilities": "2.1.1",
          "Microsoft.Extensions.ObjectPool": "2.1.1",
          "Microsoft.Extensions.Options": "2.1.1",
          "Microsoft.Net.Http.Headers": "2.1.1"
        }
      },
      "Microsoft.AspNetCore.Http.Abstractions": {
        "type": "Transitive",
        "resolved": "2.1.1",
        "contentHash": "kQUEVOU4loc8CPSb2WoHFTESqwIa8Ik7ysCBfTwzHAd0moWovc9JQLmhDIHlYLjHbyexqZAlkq/FPRUZqokebw==",
        "dependencies": {
          "Microsoft.AspNetCore.Http.Features": "2.1.1",
          "System.Text.Encodings.Web": "4.5.0"
        }
      },
      "Microsoft.AspNetCore.Http.Extensions": {
        "type": "Transitive",
        "resolved": "2.1.1",
        "contentHash": "ncAgV+cqsWSqjLXFUTyObGh4Tr7ShYYs3uW8Q/YpRwZn7eLV7dux5Z6GLY+rsdzmIHiia3Q2NWbLULQi7aziHw==",
        "dependencies": {
          "Microsoft.AspNetCore.Http.Abstractions": "2.1.1",
          "Microsoft.Extensions.FileProviders.Abstractions": "2.1.1",
          "Microsoft.Net.Http.Headers": "2.1.1",
          "System.Buffers": "4.5.0"
        }
      },
      "Microsoft.AspNetCore.Http.Features": {
        "type": "Transitive",
        "resolved": "2.1.1",
        "contentHash": "VklZ7hWgSvHBcDtwYYkdMdI/adlf7ebxTZ9kdzAhX+gUs5jSHE9mZlTamdgf9miSsxc1QjNazHXTDJdVPZKKTw==",
        "dependencies": {
          "Microsoft.Extensions.Primitives": "2.1.1"
        }
      },
      "Microsoft.AspNetCore.OpenApi": {
        "type": "Transitive",
        "resolved": "9.0.4",
        "contentHash": "GfZWPbZz1aAtEO3wGCkpeyRc0gzr/+VRHnUgY/YjqVPDlHbeKWCXw3IxKarQdo9myC2O1QBf652Mo50QqbXYRg==",
        "dependencies": {
          "Microsoft.OpenApi": "1.6.17"
        }
      },
      "Microsoft.AspNetCore.TestHost": {
        "type": "Transitive",
        "resolved": "9.0.3",
        "contentHash": "06xvAzCx23chCktc71n31V/+dj3uipkeC+odLn35JYgmxAKqP2/cTsx0jwqwPT5eRPGiTcTvPc5H7ad60RCZNQ=="
      },
      "Microsoft.AspNetCore.WebUtilities": {
        "type": "Transitive",
        "resolved": "2.1.1",
        "contentHash": "PGKIZt4+412Z/XPoSjvYu/QIbTxcAQuEFNoA1Pw8a9mgmO0ZhNBmfaNyhgXFf7Rq62kP0tT/2WXpxdcQhkFUPA==",
        "dependencies": {
          "Microsoft.Net.Http.Headers": "2.1.1",
          "System.Text.Encodings.Web": "4.5.0"
        }
      },
      "Microsoft.Bcl.AsyncInterfaces": {
        "type": "Transitive",
        "resolved": "1.1.1",
        "contentHash": "yuvf07qFWFqtK3P/MRkEKLhn5r2UbSpVueRziSqj0yJQIKFwG1pq9mOayK3zE5qZCTs0CbrwL9M6R8VwqyGy2w=="
      },
      "Microsoft.CodeCoverage": {
        "type": "Transitive",
        "resolved": "17.13.0",
        "contentHash": "9LIUy0y+DvUmEPtbRDw6Bay3rzwqFV8P4efTrK4CZhQle3M/QwLPjISghfcolmEGAPWxuJi6m98ZEfk4VR4Lfg=="
      },
      "Microsoft.CSharp": {
        "type": "Transitive",
        "resolved": "4.5.0",
        "contentHash": "kaj6Wb4qoMuH3HySFJhxwQfe8R/sJsNJnANrvv8WdFPMoNbKY5htfNscv+LHCu5ipz+49m2e+WQXpLXr9XYemQ=="
      },
      "Microsoft.Data.SqlClient": {
        "type": "Transitive",
        "resolved": "5.2.2",
        "contentHash": "mtoeRMh7F/OA536c/Cnh8L4H0uLSKB5kSmoi54oN7Fp0hNJDy22IqyMhaMH4PkDCqI7xL//Fvg9ldtuPHG0h5g==",
        "dependencies": {
          "Azure.Identity": "1.11.4",
          "Microsoft.Data.SqlClient.SNI.runtime": "5.2.0",
          "Microsoft.Identity.Client": "4.61.3",
          "Microsoft.IdentityModel.JsonWebTokens": "6.35.0",
          "Microsoft.IdentityModel.Protocols.OpenIdConnect": "6.35.0",
          "Microsoft.SqlServer.Server": "1.0.0",
          "System.Configuration.ConfigurationManager": "8.0.0",
          "System.Runtime.Caching": "8.0.0"
        }
      },
      "Microsoft.Data.SqlClient.SNI.runtime": {
        "type": "Transitive",
        "resolved": "5.2.0",
        "contentHash": "po1jhvFd+8pbfvJR/puh+fkHi0GRanAdvayh/0e47yaM6CXWZ6opUjCMFuYlAnD2LcbyvQE7fPJKvogmaUcN+w=="
      },
      "Microsoft.EntityFrameworkCore": {
        "type": "Transitive",
        "resolved": "9.0.3",
        "contentHash": "ji6fWE8bFWTvqaMue49RSCcAeqlec13hAbitTBZyz/RmYsQDhqM9VkWUoXS1x1mjcsyWjc5EQr2XyuAkwp0eNQ==",
        "dependencies": {
          "Microsoft.EntityFrameworkCore.Abstractions": "9.0.3",
          "Microsoft.EntityFrameworkCore.Analyzers": "9.0.3",
          "Microsoft.Extensions.Caching.Memory": "9.0.3",
          "Microsoft.Extensions.Logging": "9.0.3"
        }
      },
      "Microsoft.EntityFrameworkCore.Abstractions": {
        "type": "Transitive",
        "resolved": "9.0.3",
        "contentHash": "HQH7HgwTl6IyasW7t6F2+ihuHLDmf9+8XaS41v8VHN5Z7x5ZMQIiHCbwxme4P5ICAjBG6VsWcjMCoh4fHbEwJg=="
      },
      "Microsoft.EntityFrameworkCore.Analyzers": {
        "type": "Transitive",
        "resolved": "9.0.3",
        "contentHash": "M+iOxejD3HqPV8/KE148wIehHA3cmMF+FgnpiN8CFB7DLokVSKQPPrwtHjcrNYJ/BDEssviEPNok/jtQWxj7xA=="
      },
      "Microsoft.EntityFrameworkCore.InMemory": {
        "type": "Transitive",
        "resolved": "9.0.3",
        "contentHash": "cSi0TzffzSN4p83qtgxhWKl+jcD17xfuTzYz6IJWVHkjQsD5gOdqpY5VBBFZhTgqdwon8LnArs9cFjd9EYCC1g==",
        "dependencies": {
          "Microsoft.EntityFrameworkCore": "9.0.3",
          "Microsoft.Extensions.Caching.Memory": "9.0.3",
          "Microsoft.Extensions.Logging": "9.0.3"
        }
      },
      "Microsoft.EntityFrameworkCore.Relational": {
        "type": "Transitive",
        "resolved": "9.0.3",
        "contentHash": "xsS+5TM7M5f3tCSRaSbzouGCoIgD2zokQxBGXvf9z3DusRztWvT1NNT9XJaY2JoK1qEEDcHah8is6azYmpZhIg==",
        "dependencies": {
          "Microsoft.EntityFrameworkCore": "9.0.3",
          "Microsoft.Extensions.Caching.Memory": "9.0.3",
          "Microsoft.Extensions.Configuration.Abstractions": "9.0.3",
          "Microsoft.Extensions.Logging": "9.0.3"
        }
      },
      "Microsoft.Extensions.Caching.Abstractions": {
        "type": "Transitive",
        "resolved": "9.0.3",
        "contentHash": "t8b0R6wtqC4o0hJ+oQkLPydw2MMLEoLEpQXCWbzXAm9NBMOngkDZNcvwF6DxbYdL5SlfZJXbYmiOxKZmwHNgNg==",
        "dependencies": {
          "Microsoft.Extensions.Primitives": "9.0.3"
        }
      },
      "Microsoft.Extensions.Caching.Memory": {
        "type": "Transitive",
        "resolved": "9.0.3",
        "contentHash": "TXggBGDDd6r+J7FV09plXpzGmWcknVyoDsHlY2qcCbcAhmb0eH7Q9IkfIZl54/zEedVTa9jPgiPFTxH9WuCGMQ==",
        "dependencies": {
          "Microsoft.Extensions.Caching.Abstractions": "9.0.3",
          "Microsoft.Extensions.DependencyInjection.Abstractions": "9.0.3",
          "Microsoft.Extensions.Logging.Abstractions": "9.0.3",
          "Microsoft.Extensions.Options": "9.0.3",
          "Microsoft.Extensions.Primitives": "9.0.3"
        }
      },
      "Microsoft.Extensions.Configuration": {
        "type": "Transitive",
        "resolved": "9.0.3",
        "contentHash": "RIEeZxWYm77+OWLwgik7DzSVSONjqkmcbuCb1koZdGAV7BgOUWnLz80VMyHZMw3onrVwFCCMHBBdruBPuQTvkg==",
        "dependencies": {
          "Microsoft.Extensions.Configuration.Abstractions": "9.0.3",
          "Microsoft.Extensions.Primitives": "9.0.3"
        }
      },
      "Microsoft.Extensions.Configuration.Abstractions": {
        "type": "Transitive",
        "resolved": "9.0.3",
        "contentHash": "q5qlbm6GRUrle2ZZxy9aqS/wWoc+mRD3JeP6rcpiJTh5XcemYkplAcJKq8lU11ZfPom5lfbZZfnQvDqcUhqD5Q==",
        "dependencies": {
          "Microsoft.Extensions.Primitives": "9.0.3"
        }
      },
      "Microsoft.Extensions.Configuration.Binder": {
        "type": "Transitive",
        "resolved": "9.0.3",
        "contentHash": "ad82pYBUSQbd3WIboxsS1HzFdRuHKRa2CpYwie/o6dZAxUjt62yFwjoVdM7Iw2VO5fHV1rJwa7jJZBNZin0E7Q==",
        "dependencies": {
          "Microsoft.Extensions.Configuration.Abstractions": "9.0.3"
        }
      },
      "Microsoft.Extensions.Configuration.CommandLine": {
        "type": "Transitive",
        "resolved": "9.0.3",
        "contentHash": "rVwz4ml/Jve/QzzUlyTVOKXVZ37op9RK6Ize4uPmJ3S5c2ErExoy816+dslBQ06ZrFq8M9bpnV5LVBuPD1ONHQ==",
        "dependencies": {
          "Microsoft.Extensions.Configuration": "9.0.3",
          "Microsoft.Extensions.Configuration.Abstractions": "9.0.3"
        }
      },
      "Microsoft.Extensions.Configuration.EnvironmentVariables": {
        "type": "Transitive",
        "resolved": "9.0.3",
        "contentHash": "fo84UIa8aSBG3pOtzLsgkj1YkOVfYFy2YWcRTCevHHAkuVsxnYnKBrcW2pyFgqqfQ/rT8K1nmRXHDdQIZ8PDig==",
        "dependencies": {
          "Microsoft.Extensions.Configuration": "9.0.3",
          "Microsoft.Extensions.Configuration.Abstractions": "9.0.3"
        }
      },
      "Microsoft.Extensions.Configuration.FileExtensions": {
        "type": "Transitive",
        "resolved": "9.0.3",
        "contentHash": "tBNMSDJ2q7WQK2zwPhHY5I/q95t7sf6dT079mGrNm0yOZF/gM9JvR/LtCb/rwhRmh7A6XMnzv5WbpCh9KLq9EQ==",
        "dependencies": {
          "Microsoft.Extensions.Configuration": "9.0.3",
          "Microsoft.Extensions.Configuration.Abstractions": "9.0.3",
          "Microsoft.Extensions.FileProviders.Abstractions": "9.0.3",
          "Microsoft.Extensions.FileProviders.Physical": "9.0.3",
          "Microsoft.Extensions.Primitives": "9.0.3"
        }
      },
      "Microsoft.Extensions.Configuration.Json": {
        "type": "Transitive",
        "resolved": "9.0.3",
        "contentHash": "mjkp3ZwynNacZk4uq93I0DyCY48FZmi3yRV0xlfeDuWh44KcDunPXHwt8IWr4kL7cVM6eiFVe6YTJg97KzUAUA==",
        "dependencies": {
          "Microsoft.Extensions.Configuration": "9.0.3",
          "Microsoft.Extensions.Configuration.Abstractions": "9.0.3",
          "Microsoft.Extensions.Configuration.FileExtensions": "9.0.3",
          "Microsoft.Extensions.FileProviders.Abstractions": "9.0.3"
        }
      },
      "Microsoft.Extensions.Configuration.UserSecrets": {
        "type": "Transitive",
        "resolved": "9.0.3",
        "contentHash": "vwkBQ5jqmfX7nD7CFvB3k1uSeNBKRcYRDvlk3pxJzJfm/cgT4R+hQg5AFXW/1aLKjz0q7brpRocHC5GK2sjvEw==",
        "dependencies": {
          "Microsoft.Extensions.Configuration.Abstractions": "9.0.3",
          "Microsoft.Extensions.Configuration.Json": "9.0.3",
          "Microsoft.Extensions.FileProviders.Abstractions": "9.0.3",
          "Microsoft.Extensions.FileProviders.Physical": "9.0.3"
        }
      },
      "Microsoft.Extensions.DependencyInjection": {
        "type": "Transitive",
        "resolved": "9.0.3",
        "contentHash": "lDbxJpkl6X8KZGpkAxgrrthQ42YeiR0xjPp7KPx+sCPc3ZbpaIbjzd0QQ+9kDdK2RU2DOl3pc6tQyAgEZY3V0A==",
        "dependencies": {
          "Microsoft.Extensions.DependencyInjection.Abstractions": "9.0.3"
        }
      },
      "Microsoft.Extensions.DependencyInjection.Abstractions": {
        "type": "Transitive",
        "resolved": "9.0.3",
        "contentHash": "TfaHPSe39NyL2wxkisRxXK7xvHGZYBZ+dy3r+mqGvnxKgAPdHkMu3QMQZI4pquP6W5FIQBqs8FJpWV8ffCgDqQ=="
      },
      "Microsoft.Extensions.DependencyModel": {
        "type": "Transitive",
        "resolved": "9.0.3",
        "contentHash": "194P+NOekDXrPHmM2R8678T4bRfZ2isQXDDAsXKE5qI0QLUnXbwB0upljAkyxk+Kkt1DV1tV+9tHOtHEEh3ksw=="
      },
      "Microsoft.Extensions.Diagnostics": {
        "type": "Transitive",
        "resolved": "9.0.3",
        "contentHash": "gqhbIq6adm0+/9IlDYmchekoxNkmUTm7rfTG3k4zzoQkjRuD8TQGwL1WnIcTDt4aQ+j+Vu0OQrjI8GlpJQQhIA==",
        "dependencies": {
          "Microsoft.Extensions.Configuration": "9.0.3",
          "Microsoft.Extensions.Diagnostics.Abstractions": "9.0.3",
          "Microsoft.Extensions.Options.ConfigurationExtensions": "9.0.3"
        }
      },
      "Microsoft.Extensions.Diagnostics.Abstractions": {
        "type": "Transitive",
        "resolved": "9.0.3",
        "contentHash": "/fn0Xe8t+3YbMfwyTk4hFirWyAG1pBA5ogVYsrKAuuD2gbqOWhFuSA28auCmS3z8Y2eq3miDIKq4pFVRWA+J6g==",
        "dependencies": {
          "Microsoft.Extensions.DependencyInjection.Abstractions": "9.0.3",
          "Microsoft.Extensions.Options": "9.0.3"
        }
      },
      "Microsoft.Extensions.Diagnostics.HealthChecks": {
        "type": "Transitive",
        "resolved": "9.0.3",
        "contentHash": "e0hlXHImjQhwY84r9QaWn+xd+ATJpmL3C31rjyngWDpV2AAHl6LcRR+DFQrwWj4VGAKn80FgBIIt1nGUMzNRzw==",
        "dependencies": {
          "Microsoft.Extensions.Diagnostics.HealthChecks.Abstractions": "9.0.3",
          "Microsoft.Extensions.Hosting.Abstractions": "9.0.3",
          "Microsoft.Extensions.Logging.Abstractions": "9.0.3",
          "Microsoft.Extensions.Options": "9.0.3"
        }
      },
      "Microsoft.Extensions.Diagnostics.HealthChecks.Abstractions": {
        "type": "Transitive",
        "resolved": "9.0.3",
        "contentHash": "3sNYjO9jUQQVdF5dPoVc5rCV3YKIoUDBZPr9/SuxyxIGH15Wv3/8MvJxeGByufwcM5nhziY2qpbDN50MCMvH0w=="
      },
      "Microsoft.Extensions.Diagnostics.HealthChecks.EntityFrameworkCore": {
        "type": "Transitive",
        "resolved": "9.0.3",
        "contentHash": "9UMexh28o21UIchJxDVrvhjggYYQrmLRgdJoY7F27Y4db9ktZbhuQ3Wzpv1jGDTchs6fTZd4wClDIL1zLYtlzg==",
        "dependencies": {
          "Microsoft.EntityFrameworkCore.Relational": "9.0.3",
          "Microsoft.Extensions.Diagnostics.HealthChecks": "9.0.3",
          "Microsoft.Extensions.Diagnostics.HealthChecks.Abstractions": "9.0.3"
        }
      },
      "Microsoft.Extensions.FileProviders.Abstractions": {
        "type": "Transitive",
        "resolved": "9.0.3",
        "contentHash": "umczZ3+QPpzlrW/lkvy+IB0p52+qZ5w++aqx2lTCMOaPKzwcbVdrJgiQ3ajw5QWBp7gChLUiCYkSlWUpfjv24g==",
        "dependencies": {
          "Microsoft.Extensions.Primitives": "9.0.3"
        }
      },
      "Microsoft.Extensions.FileProviders.Physical": {
        "type": "Transitive",
        "resolved": "9.0.3",
        "contentHash": "th2+tQBV5oWjgKhip9GjiIv2AEK3QvfAO3tZcqV3F3dEt5D6Gb411RntCj1+8GS9HaRRSxjSGx/fCrMqIjkb1Q==",
        "dependencies": {
          "Microsoft.Extensions.FileProviders.Abstractions": "9.0.3",
          "Microsoft.Extensions.FileSystemGlobbing": "9.0.3",
          "Microsoft.Extensions.Primitives": "9.0.3"
        }
      },
      "Microsoft.Extensions.FileSystemGlobbing": {
        "type": "Transitive",
        "resolved": "9.0.3",
        "contentHash": "Rec77KHk4iNpFznHi5/6wF3MlUDcKqg26t8gRYbUm1PSukZ4B6mrXpZsJSNOiwyhhQVkjYbaoZxi5XJgRQ5lFg=="
      },
      "Microsoft.Extensions.Hosting": {
        "type": "Transitive",
        "resolved": "9.0.3",
        "contentHash": "ioFXglqFA9uCYcKHI3CLVTO3I75jWIhvVxiZBzGeSPxw7XdhDLh0QvbNFrMTbZk9qqEVQcylblcvcNXnFHYXyA==",
        "dependencies": {
          "Microsoft.Extensions.Configuration": "9.0.3",
          "Microsoft.Extensions.Configuration.Abstractions": "9.0.3",
          "Microsoft.Extensions.Configuration.Binder": "9.0.3",
          "Microsoft.Extensions.Configuration.CommandLine": "9.0.3",
          "Microsoft.Extensions.Configuration.EnvironmentVariables": "9.0.3",
          "Microsoft.Extensions.Configuration.FileExtensions": "9.0.3",
          "Microsoft.Extensions.Configuration.Json": "9.0.3",
          "Microsoft.Extensions.Configuration.UserSecrets": "9.0.3",
          "Microsoft.Extensions.DependencyInjection": "9.0.3",
          "Microsoft.Extensions.DependencyInjection.Abstractions": "9.0.3",
          "Microsoft.Extensions.Diagnostics": "9.0.3",
          "Microsoft.Extensions.FileProviders.Abstractions": "9.0.3",
          "Microsoft.Extensions.FileProviders.Physical": "9.0.3",
          "Microsoft.Extensions.Hosting.Abstractions": "9.0.3",
          "Microsoft.Extensions.Logging": "9.0.3",
          "Microsoft.Extensions.Logging.Abstractions": "9.0.3",
          "Microsoft.Extensions.Logging.Configuration": "9.0.3",
          "Microsoft.Extensions.Logging.Console": "9.0.3",
          "Microsoft.Extensions.Logging.Debug": "9.0.3",
          "Microsoft.Extensions.Logging.EventLog": "9.0.3",
          "Microsoft.Extensions.Logging.EventSource": "9.0.3",
          "Microsoft.Extensions.Options": "9.0.3"
        }
      },
      "Microsoft.Extensions.Hosting.Abstractions": {
        "type": "Transitive",
        "resolved": "9.0.3",
        "contentHash": "rHabYVhQsGYNfgnfnYLqZRx/hLe85i6jW5rnDjA9pjt3x7yjPv8T/EXcgN5T9T38FAVwZRA+RMGUkEHbxvCOBQ==",
        "dependencies": {
          "Microsoft.Extensions.Configuration.Abstractions": "9.0.3",
          "Microsoft.Extensions.DependencyInjection.Abstractions": "9.0.3",
          "Microsoft.Extensions.Diagnostics.Abstractions": "9.0.3",
          "Microsoft.Extensions.FileProviders.Abstractions": "9.0.3",
          "Microsoft.Extensions.Logging.Abstractions": "9.0.3"
        }
      },
      "Microsoft.Extensions.Logging": {
        "type": "Transitive",
        "resolved": "9.0.3",
        "contentHash": "utIi2R1nm+PCWkvWBf1Ou6LWqg9iLfHU23r8yyU9VCvda4dEs7xbTZSwGa5KuwbpzpgCbHCIuKaFHB3zyFmnGw==",
        "dependencies": {
          "Microsoft.Extensions.DependencyInjection": "9.0.3",
          "Microsoft.Extensions.Logging.Abstractions": "9.0.3",
          "Microsoft.Extensions.Options": "9.0.3"
        }
      },
      "Microsoft.Extensions.Logging.Abstractions": {
        "type": "Transitive",
        "resolved": "9.0.3",
        "contentHash": "H/MBMLt9A/69Ux4OrV7oCKt3DcMT04o5SCqDolulzQA66TLFEpYYb4qedMs/uwrLtyHXGuDGWKZse/oa8W9AZw==",
        "dependencies": {
          "Microsoft.Extensions.DependencyInjection.Abstractions": "9.0.3"
        }
      },
      "Microsoft.Extensions.Logging.ApplicationInsights": {
        "type": "Transitive",
        "resolved": "2.23.0",
        "contentHash": "JLEabPz445i1yRB0hKZVzJJE35QatRIzWlrMOiBQXr9kBJod0jkpkrBf94ln6kXu+jlEGohnXtuXacPPhybJDw==",
        "dependencies": {
          "Microsoft.ApplicationInsights": "2.23.0",
          "Microsoft.Extensions.Logging": "2.1.1"
        }
      },
      "Microsoft.Extensions.Logging.Configuration": {
        "type": "Transitive",
        "resolved": "9.0.3",
        "contentHash": "eVZsaKNyK0g0C1qp0mmn4Q2PiX+bXdkz8+zVkXyVMk8IvoWfmTjLjEq1MQlwt1A22lToANPiUrxPJ7Tt3V5puw==",
        "dependencies": {
          "Microsoft.Extensions.Configuration": "9.0.3",
          "Microsoft.Extensions.Configuration.Abstractions": "9.0.3",
          "Microsoft.Extensions.Configuration.Binder": "9.0.3",
          "Microsoft.Extensions.DependencyInjection.Abstractions": "9.0.3",
          "Microsoft.Extensions.Logging": "9.0.3",
          "Microsoft.Extensions.Logging.Abstractions": "9.0.3",
          "Microsoft.Extensions.Options": "9.0.3",
          "Microsoft.Extensions.Options.ConfigurationExtensions": "9.0.3"
        }
      },
      "Microsoft.Extensions.Logging.Console": {
        "type": "Transitive",
        "resolved": "9.0.3",
        "contentHash": "o9VXLOdpTAro1q7ZThIB3S8OHrRn5pr8cFUCiN85fiwlfAt2DhU4ZIfHy+jCNbf7y7S5Exbr3dlDE8mKNrs0Yg==",
        "dependencies": {
          "Microsoft.Extensions.DependencyInjection.Abstractions": "9.0.3",
          "Microsoft.Extensions.Logging": "9.0.3",
          "Microsoft.Extensions.Logging.Abstractions": "9.0.3",
          "Microsoft.Extensions.Logging.Configuration": "9.0.3",
          "Microsoft.Extensions.Options": "9.0.3"
        }
      },
      "Microsoft.Extensions.Logging.Debug": {
        "type": "Transitive",
        "resolved": "9.0.3",
        "contentHash": "BlKgvNYjD6mY5GXpMCf9zPAsrovMgW5mzCOT7SpoOSyI1478zldf+7PKvDIscC277z5zjSO3yi/OuIWpnTZmdA==",
        "dependencies": {
          "Microsoft.Extensions.DependencyInjection.Abstractions": "9.0.3",
          "Microsoft.Extensions.Logging": "9.0.3",
          "Microsoft.Extensions.Logging.Abstractions": "9.0.3"
        }
      },
      "Microsoft.Extensions.Logging.EventLog": {
        "type": "Transitive",
        "resolved": "9.0.3",
        "contentHash": "/+elZUHGgB3oHKO9St/Ql/qfze9O+UbXj+9FOj1gIshLCFXcPlhpKoI11jE6eIV0kbs1P/EeffJl4KDFyvAiJQ==",
        "dependencies": {
          "Microsoft.Extensions.DependencyInjection.Abstractions": "9.0.3",
          "Microsoft.Extensions.Logging": "9.0.3",
          "Microsoft.Extensions.Logging.Abstractions": "9.0.3",
          "Microsoft.Extensions.Options": "9.0.3",
          "System.Diagnostics.EventLog": "9.0.3"
        }
      },
      "Microsoft.Extensions.Logging.EventSource": {
        "type": "Transitive",
        "resolved": "9.0.3",
        "contentHash": "hgG0EGEHnngQFQNqJ5ungEykqaQ5Tik0Gpkb38pea2a5cR3pWlZR4vuYLDdtTgSiKEKByXz/3wNQ7qAqXamEEA==",
        "dependencies": {
          "Microsoft.Extensions.DependencyInjection.Abstractions": "9.0.3",
          "Microsoft.Extensions.Logging": "9.0.3",
          "Microsoft.Extensions.Logging.Abstractions": "9.0.3",
          "Microsoft.Extensions.Options": "9.0.3",
          "Microsoft.Extensions.Primitives": "9.0.3"
        }
      },
      "Microsoft.Extensions.ObjectPool": {
        "type": "Transitive",
        "resolved": "2.1.1",
        "contentHash": "SErON45qh4ogDp6lr6UvVmFYW0FERihW+IQ+2JyFv1PUyWktcJytFaWH5zarufJvZwhci7Rf1IyGXr9pVEadTw=="
      },
      "Microsoft.Extensions.Options": {
        "type": "Transitive",
        "resolved": "9.0.3",
        "contentHash": "xE7MpY70lkw1oiid5y6FbL9dVw8oLfkx8RhSNGN8sSzBlCqGn0SyT3Fqc8tZnDaPIq7Z8R9RTKlS564DS+MV3g==",
        "dependencies": {
          "Microsoft.Extensions.DependencyInjection.Abstractions": "9.0.3",
          "Microsoft.Extensions.Primitives": "9.0.3"
        }
      },
      "Microsoft.Extensions.Options.ConfigurationExtensions": {
        "type": "Transitive",
        "resolved": "9.0.3",
        "contentHash": "PcyYHQglKnWVZHSPaL6v2qnfsIuFw8tSq7cyXHg3OeuDVn/CqmdWUjRiZomCF/Gi+qCi+ksz0lFphg2cNvB8zQ==",
        "dependencies": {
          "Microsoft.Extensions.Configuration.Abstractions": "9.0.3",
          "Microsoft.Extensions.Configuration.Binder": "9.0.3",
          "Microsoft.Extensions.DependencyInjection.Abstractions": "9.0.3",
          "Microsoft.Extensions.Options": "9.0.3",
          "Microsoft.Extensions.Primitives": "9.0.3"
        }
      },
      "Microsoft.Extensions.Primitives": {
        "type": "Transitive",
        "resolved": "9.0.3",
        "contentHash": "yCCJHvBcRyqapMSNzP+kTc57Eaavq2cr5Tmuil6/XVnipQf5xmskxakSQ1enU6S4+fNg3sJ27WcInV64q24JsA=="
      },
      "Microsoft.Identity.Client": {
        "type": "Transitive",
        "resolved": "4.61.3",
        "contentHash": "naJo/Qm35Caaoxp5utcw+R8eU8ZtLz2ALh8S+gkekOYQ1oazfCQMWVT4NJ/FnHzdIJlm8dMz0oMpMGCabx5odA==",
        "dependencies": {
          "Microsoft.IdentityModel.Abstractions": "6.35.0",
          "System.Diagnostics.DiagnosticSource": "6.0.1"
        }
      },
      "Microsoft.Identity.Client.Extensions.Msal": {
        "type": "Transitive",
        "resolved": "4.61.3",
        "contentHash": "PWnJcznrSGr25MN8ajlc2XIDW4zCFu0U6FkpaNLEWLgd1NgFCp5uDY3mqLDgM8zCN8hqj8yo5wHYfLB2HjcdGw==",
        "dependencies": {
          "Microsoft.Identity.Client": "4.61.3",
          "System.Security.Cryptography.ProtectedData": "4.5.0"
        }
      },
      "Microsoft.IdentityModel.Abstractions": {
        "type": "Transitive",
        "resolved": "6.35.0",
        "contentHash": "xuR8E4Rd96M41CnUSCiOJ2DBh+z+zQSmyrYHdYhD6K4fXBcQGVnRCFQ0efROUYpP+p0zC1BLKr0JRpVuujTZSg=="
      },
      "Microsoft.IdentityModel.JsonWebTokens": {
        "type": "Transitive",
        "resolved": "6.35.0",
        "contentHash": "9wxai3hKgZUb4/NjdRKfQd0QJvtXKDlvmGMYACbEC8DFaicMFCFhQFZq9ZET1kJLwZahf2lfY5Gtcpsx8zYzbg==",
        "dependencies": {
          "Microsoft.IdentityModel.Tokens": "6.35.0",
          "System.Text.Encoding": "4.3.0",
          "System.Text.Encodings.Web": "4.7.2",
          "System.Text.Json": "4.7.2"
        }
      },
      "Microsoft.IdentityModel.Logging": {
        "type": "Transitive",
        "resolved": "6.35.0",
        "contentHash": "jePrSfGAmqT81JDCNSY+fxVWoGuJKt9e6eJ+vT7+quVS55nWl//jGjUQn4eFtVKt4rt5dXaleZdHRB9J9AJZ7Q==",
        "dependencies": {
          "Microsoft.IdentityModel.Abstractions": "6.35.0"
        }
      },
      "Microsoft.IdentityModel.Protocols": {
        "type": "Transitive",
        "resolved": "6.35.0",
        "contentHash": "BPQhlDzdFvv1PzaUxNSk+VEPwezlDEVADIKmyxubw7IiELK18uJ06RQ9QKKkds30XI+gDu9n8j24XQ8w7fjWcg==",
        "dependencies": {
          "Microsoft.IdentityModel.Logging": "6.35.0",
          "Microsoft.IdentityModel.Tokens": "6.35.0"
        }
      },
      "Microsoft.IdentityModel.Protocols.OpenIdConnect": {
        "type": "Transitive",
        "resolved": "6.35.0",
        "contentHash": "LMtVqnECCCdSmyFoCOxIE5tXQqkOLrvGrL7OxHg41DIm1bpWtaCdGyVcTAfOQpJXvzND9zUKIN/lhngPkYR8vg==",
        "dependencies": {
          "Microsoft.IdentityModel.Protocols": "6.35.0",
          "System.IdentityModel.Tokens.Jwt": "6.35.0"
        }
      },
      "Microsoft.IdentityModel.Tokens": {
        "type": "Transitive",
        "resolved": "6.35.0",
        "contentHash": "RN7lvp7s3Boucg1NaNAbqDbxtlLj5Qeb+4uSS1TeK5FSBVM40P4DKaTKChT43sHyKfh7V0zkrMph6DdHvyA4bg==",
        "dependencies": {
          "Microsoft.CSharp": "4.5.0",
          "Microsoft.IdentityModel.Logging": "6.35.0",
          "System.Security.Cryptography.Cng": "4.5.0"
        }
      },
      "Microsoft.Net.Http.Headers": {
        "type": "Transitive",
        "resolved": "2.1.1",
        "contentHash": "lPNIphl8b2EuhOE9dMH6EZDmu7pS882O+HMi5BJNsigxHaWlBrYxZHFZgE18cyaPp6SSZcTkKkuzfjV/RRQKlA==",
        "dependencies": {
          "Microsoft.Extensions.Primitives": "2.1.1",
          "System.Buffers": "4.5.0"
        }
      },
      "Microsoft.NETCore.Platforms": {
        "type": "Transitive",
        "resolved": "3.1.0",
        "contentHash": "z7aeg8oHln2CuNulfhiLYxCVMPEwBl3rzicjvIX+4sUuCwvXw5oXQEtbiU2c0z4qYL5L3Kmx0mMA/+t/SbY67w=="
      },
      "Microsoft.NETCore.Targets": {
        "type": "Transitive",
        "resolved": "1.1.0",
        "contentHash": "aOZA3BWfz9RXjpzt0sRJJMjAscAUm3Hoa4UWAfceV9UTYxgwZ1lZt5nO2myFf+/jetYQo4uTP7zS8sJY67BBxg=="
      },
      "Microsoft.OpenApi": {
        "type": "Transitive",
        "resolved": "1.6.17",
        "contentHash": "Le+kehlmrlQfuDFUt1zZ2dVwrhFQtKREdKBo+rexOwaCoYP0/qpgT9tLxCsZjsgR5Itk1UKPcbgO+FyaNid/bA=="
      },
      "Microsoft.SqlServer.Server": {
        "type": "Transitive",
        "resolved": "1.0.0",
        "contentHash": "N4KeF3cpcm1PUHym1RmakkzfkEv3GRMyofVv40uXsQhCQeglr2OHNcUk2WOG51AKpGO8ynGpo9M/kFXSzghwug=="
      },
      "Microsoft.Testing.Extensions.Telemetry": {
        "type": "Transitive",
        "resolved": "1.6.3",
        "contentHash": "h6//5zXfZyvZzyPc6tsDm3ZYXVcbZGIU1o6HWzcHYHb/yeBpi/Bx6ug6/4bkUKZOSFK8E/xBQQpfutO0SR1Lsg==",
        "dependencies": {
          "Microsoft.ApplicationInsights": "2.22.0",
          "Microsoft.Testing.Platform": "1.6.3"
        }
      },
      "Microsoft.Testing.Extensions.TrxReport.Abstractions": {
        "type": "Transitive",
        "resolved": "1.6.3",
        "contentHash": "0MdowM+3IDVWE5VBzVe9NvxsE4caSbM3fO+jlWVzEBr/Vnc3BWx+uV/Ex0dLLpkxkeUKH2gGWTNLb39rw3DDqw==",
        "dependencies": {
          "Microsoft.Testing.Platform": "1.6.3"
        }
      },
      "Microsoft.Testing.Extensions.VSTestBridge": {
        "type": "Transitive",
        "resolved": "1.6.3",
        "contentHash": "RhZLOro4GWVO6OtojBX+Vvi9+xSAPjm0v+wCufc/WOe4XLNseeHfOfPjBj0v0V1/6i+wau2IP3keW4m/qMG/Nw==",
        "dependencies": {
          "Microsoft.TestPlatform.ObjectModel": "17.13.0",
          "Microsoft.Testing.Extensions.Telemetry": "1.6.3",
          "Microsoft.Testing.Extensions.TrxReport.Abstractions": "1.6.3",
          "Microsoft.Testing.Platform": "1.6.3"
        }
      },
      "Microsoft.Testing.Platform": {
        "type": "Transitive",
        "resolved": "1.6.3",
        "contentHash": "DqMZukaPo+vKzColfqd1I5qZebfISZT6ND70AOem/dYQmHsaMN0xg/JG7E0e80rwfxL7wAA4ylSg8j6KJf1Tuw=="
      },
      "Microsoft.Testing.Platform.MSBuild": {
        "type": "Transitive",
        "resolved": "1.6.3",
        "contentHash": "PXSYI5Iae29GM5636zOL8PlQD1YyOa9cfzfYLR43hrLjjK7RDJgMTvgAet3oZLgDTvz6pbzABZvhx+S/W5m8YA==",
        "dependencies": {
          "Microsoft.Testing.Platform": "1.6.3"
        }
      },
      "Microsoft.TestPlatform.ObjectModel": {
        "type": "Transitive",
        "resolved": "17.13.0",
        "contentHash": "bt0E0Dx+iqW97o4A59RCmUmz/5NarJ7LRL+jXbSHod72ibL5XdNm1Ke+UO5tFhBG4VwHLcSjqq9BUSblGNWamw==",
        "dependencies": {
          "System.Reflection.Metadata": "1.6.0"
        }
      },
      "Microsoft.TestPlatform.TestHost": {
        "type": "Transitive",
        "resolved": "17.13.0",
        "contentHash": "9GGw08Dc3AXspjekdyTdZ/wYWFlxbgcF0s7BKxzVX+hzAwpifDOdxM+ceVaaJSQOwqt3jtuNlHn3XTpKUS9x9Q==",
        "dependencies": {
          "Microsoft.TestPlatform.ObjectModel": "17.13.0",
          "Newtonsoft.Json": "13.0.1"
        }
      },
      "MSTest.Analyzers": {
        "type": "Transitive",
        "resolved": "3.8.3",
        "contentHash": "ZwPLmUJlelfBxq50J+xJVCCL8Ftysj2ymidyImFIFcktYgDn1rjaIOrYb2hPvLUTve9vIoSQClLygcYpEWEfkw=="
      },
      "Newtonsoft.Json": {
        "type": "Transitive",
        "resolved": "13.0.1",
        "contentHash": "ppPFpBcvxdsfUonNcvITKqLl3bqxWbDCZIzDWHzjpdAHRFfZe0Dw9HmA0+za13IdyrgJwpkDTDA9fHaxOrt20A=="
      },
      "Scalar.AspNetCore": {
        "type": "Transitive",
        "resolved": "2.1.0",
        "contentHash": "TTtUICcq2QIUos+Lwmwc7pxjxEoimzEzNlgzR0ieecl98hHr7osnyG5agsbRUWKtwgLXC6X43wiMcpPSAgwyPw=="
      },
      "SharpZipLib": {
        "type": "Transitive",
        "resolved": "1.4.2",
        "contentHash": "yjj+3zgz8zgXpiiC3ZdF/iyTBbz2fFvMxZFEBPUcwZjIvXOf37Ylm+K58hqMfIBt5JgU/Z2uoUS67JmTLe973A=="
      },
      "SSH.NET": {
        "type": "Transitive",
        "resolved": "2024.2.0",
        "contentHash": "9r+4UF2P51lTztpd+H7SJywk7WgmlWB//Cm2o96c6uGVZU5r58ys2/cD9pCgTk0zCdSkfflWL1WtqQ9I4IVO9Q==",
        "dependencies": {
          "BouncyCastle.Cryptography": "2.4.0"
        }
      },
      "System.Buffers": {
        "type": "Transitive",
        "resolved": "4.5.0",
        "contentHash": "pL2ChpaRRWI/p4LXyy4RgeWlYF2sgfj/pnVMvBqwNFr5cXg7CXNnWZWxrOONLg8VGdFB8oB+EG2Qw4MLgTOe+A=="
      },
      "System.ClientModel": {
        "type": "Transitive",
        "resolved": "1.0.0",
        "contentHash": "I3CVkvxeqFYjIVEP59DnjbeoGNfo/+SZrCLpRz2v/g0gpCHaEMPtWSY0s9k/7jR1rAsLNg2z2u1JRB76tPjnIw==",
        "dependencies": {
          "System.Memory.Data": "1.0.2",
          "System.Text.Json": "4.7.2"
        }
      },
      "System.Configuration.ConfigurationManager": {
        "type": "Transitive",
        "resolved": "8.0.0",
        "contentHash": "JlYi9XVvIREURRUlGMr1F6vOFLk7YSY4p1vHo4kX3tQ0AGrjqlRWHDi66ImHhy6qwXBG3BJ6Y1QlYQ+Qz6Xgww==",
        "dependencies": {
          "System.Diagnostics.EventLog": "8.0.0",
          "System.Security.Cryptography.ProtectedData": "8.0.0"
        }
      },
      "System.Diagnostics.DiagnosticSource": {
        "type": "Transitive",
        "resolved": "6.0.1",
        "contentHash": "KiLYDu2k2J82Q9BJpWiuQqCkFjRBWVq4jDzKKWawVi9KWzyD0XG3cmfX0vqTQlL14Wi9EufJrbL0+KCLTbqWiQ==",
        "dependencies": {
          "System.Runtime.CompilerServices.Unsafe": "6.0.0"
        }
      },
      "System.Diagnostics.EventLog": {
        "type": "Transitive",
        "resolved": "9.0.3",
        "contentHash": "0nDJBZ06DVdTG2vvCZ4XjazLVaFawdT0pnji23ISX8I8fEOlRJyzH2I0kWiAbCtFwry2Zir4qE4l/GStLATfFw=="
      },
      "System.Diagnostics.PerformanceCounter": {
        "type": "Transitive",
        "resolved": "6.0.0",
        "contentHash": "gbeE5tNp/oB7O8kTTLh3wPPJCxpNOphXPTWVs1BsYuFOYapFijWuh0LYw1qnDo4gwDUYPXOmpTIhvtxisGsYOQ==",
        "dependencies": {
          "System.Configuration.ConfigurationManager": "6.0.0"
        }
      },
      "System.Formats.Asn1": {
        "type": "Transitive",
        "resolved": "9.0.3",
        "contentHash": "UzVZ0mGzqvpe5fbG6RKA0pEOuLsELtc5OzSqmCS/lE5sqAyLKm2IiozCHbJRoA5+EO9Wq/bGFuroYQZsbAu/bA=="
      },
      "System.IdentityModel.Tokens.Jwt": {
        "type": "Transitive",
        "resolved": "6.35.0",
        "contentHash": "yxGIQd3BFK7F6S62/7RdZk3C/mfwyVxvh6ngd1VYMBmbJ1YZZA9+Ku6suylVtso0FjI0wbElpJ0d27CdsyLpBQ==",
        "dependencies": {
          "Microsoft.IdentityModel.JsonWebTokens": "6.35.0",
          "Microsoft.IdentityModel.Tokens": "6.35.0"
        }
      },
      "System.IO.FileSystem.AccessControl": {
        "type": "Transitive",
        "resolved": "4.7.0",
        "contentHash": "vMToiarpU81LR1/KZtnT7VDPvqAZfw9oOS5nY6pPP78nGYz3COLsQH3OfzbR+SjTgltd31R6KmKklz/zDpTmzw==",
        "dependencies": {
          "System.Security.AccessControl": "4.7.0",
          "System.Security.Principal.Windows": "4.7.0"
        }
      },
      "System.Memory": {
        "type": "Transitive",
        "resolved": "4.5.4",
        "contentHash": "1MbJTHS1lZ4bS4FmsJjnuGJOu88ZzTT2rLvrhW7Ygic+pC0NWA+3hgAen0HRdsocuQXCkUTdFn9yHJJhsijDXw=="
      },
      "System.Memory.Data": {
        "type": "Transitive",
        "resolved": "1.0.2",
        "contentHash": "JGkzeqgBsiZwKJZ1IxPNsDFZDhUvuEdX8L8BDC8N3KOj+6zMcNU28CNN59TpZE/VJYy9cP+5M+sbxtWJx3/xtw==",
        "dependencies": {
          "System.Text.Encodings.Web": "4.7.2",
          "System.Text.Json": "4.6.0"
        }
      },
      "System.Numerics.Vectors": {
        "type": "Transitive",
        "resolved": "4.5.0",
        "contentHash": "QQTlPTl06J/iiDbJCiepZ4H//BVraReU4O4EoRw1U02H5TLUIT7xn3GnDp9AXPSlJUDyFs4uWjWafNX6WrAojQ=="
      },
      "System.Reflection.Metadata": {
        "type": "Transitive",
        "resolved": "1.6.0",
        "contentHash": "COC1aiAJjCoA5GBF+QKL2uLqEBew4JsCkQmoHKbN3TlOZKa2fKLz5CpiRQKDz0RsAOEGsVKqOD5bomsXq/4STQ=="
      },
      "System.Runtime": {
        "type": "Transitive",
        "resolved": "4.3.0",
        "contentHash": "JufQi0vPQ0xGnAczR13AUFglDyVYt4Kqnz1AZaiKZ5+GICq0/1MH/mO/eAJHt/mHW1zjKBJd7kV26SrxddAhiw==",
        "dependencies": {
          "Microsoft.NETCore.Platforms": "1.1.0",
          "Microsoft.NETCore.Targets": "1.1.0"
        }
      },
      "System.Runtime.Caching": {
        "type": "Transitive",
        "resolved": "8.0.0",
        "contentHash": "4TmlmvGp4kzZomm7J2HJn6IIx0UUrQyhBDyb5O1XiunZlQImXW+B8b7W/sTPcXhSf9rp5NR5aDtQllwbB5elOQ==",
        "dependencies": {
          "System.Configuration.ConfigurationManager": "8.0.0"
        }
      },
      "System.Runtime.CompilerServices.Unsafe": {
        "type": "Transitive",
        "resolved": "6.0.0",
        "contentHash": "/iUeP3tq1S0XdNNoMz5C9twLSrM/TH+qElHkXWaPvuNOt+99G75NrV0OS2EqHx5wMN7popYjpc8oTjC1y16DLg=="
      },
      "System.Security.AccessControl": {
        "type": "Transitive",
        "resolved": "4.7.0",
        "contentHash": "JECvTt5aFF3WT3gHpfofL2MNNP6v84sxtXxpqhLBCcDRzqsPBmHhQ6shv4DwwN2tRlzsUxtb3G9M3763rbXKDg==",
        "dependencies": {
          "Microsoft.NETCore.Platforms": "3.1.0",
          "System.Security.Principal.Windows": "4.7.0"
        }
      },
      "System.Security.Cryptography.Cng": {
        "type": "Transitive",
        "resolved": "4.5.0",
        "contentHash": "WG3r7EyjUe9CMPFSs6bty5doUqT+q9pbI80hlNzo2SkPkZ4VTuZkGWjpp77JB8+uaL4DFPRdBsAY+DX3dBK92A=="
      },
      "System.Security.Cryptography.ProtectedData": {
        "type": "Transitive",
        "resolved": "8.0.0",
        "contentHash": "+TUFINV2q2ifyXauQXRwy4CiBhqvDEDZeVJU7qfxya4aRYOKzVBpN+4acx25VcPB9ywUN6C0n8drWl110PhZEg=="
      },
      "System.Security.Principal.Windows": {
        "type": "Transitive",
        "resolved": "4.7.0",
        "contentHash": "ojD0PX0XhneCsUbAZVKdb7h/70vyYMDYs85lwEI+LngEONe/17A0cFaRFqZU+sOEidcVswYWikYOQ9PPfjlbtQ=="
      },
      "System.Text.Encoding": {
        "type": "Transitive",
        "resolved": "4.3.0",
        "contentHash": "BiIg+KWaSDOITze6jGQynxg64naAPtqGHBwDrLaCtixsa5bKiR8dpPOHA7ge3C0JJQizJE+sfkz1wV+BAKAYZw==",
        "dependencies": {
          "Microsoft.NETCore.Platforms": "1.1.0",
          "Microsoft.NETCore.Targets": "1.1.0",
          "System.Runtime": "4.3.0"
        }
      },
      "System.Text.Encodings.Web": {
        "type": "Transitive",
        "resolved": "4.7.2",
        "contentHash": "iTUgB/WtrZ1sWZs84F2hwyQhiRH6QNjQv2DkwrH+WP6RoFga2Q1m3f9/Q7FG8cck8AdHitQkmkXSY8qylcDmuA=="
      },
      "System.Text.Json": {
        "type": "Transitive",
        "resolved": "9.0.3",
        "contentHash": "r2JRkLjsYrq5Dpo7+y3Wa73OfirZPdVhxiTJWwZ+oJM7FOAe0LkM3GlH+pgkNRdd1G1kwUbmRCdmh4uoaWwu1g=="
      },
      "System.Threading.Tasks.Extensions": {
        "type": "Transitive",
        "resolved": "4.5.4",
        "contentHash": "zteT+G8xuGu6mS+mzDzYXbzS7rd3K6Fjb9RiZlYlJPam2/hU7JCBZBVEcywNuR+oZ1ncTvc/cq0faRr3P01OVg=="
      },
      "Testcontainers": {
        "type": "Transitive",
        "resolved": "4.3.0",
        "contentHash": "1cxsjDE2+rdi/ELOel+NbQhQ7tvaqXG2YDN6nmhDzyAu9baGM2FUENG/3eG7N+ak3nap35RFvxyhIdVBeqNwlA==",
        "dependencies": {
          "Docker.DotNet.Enhanced": "3.126.1",
          "Docker.DotNet.Enhanced.X509": "3.126.1",
          "Microsoft.Extensions.Logging.Abstractions": "8.0.3",
          "SSH.NET": "2024.2.0",
          "SharpZipLib": "1.4.2"
        }
      },
      "todoitems.api": {
        "type": "Project",
        "dependencies": {
          "Microsoft.ApplicationInsights.AspNetCore": "[2.23.0, )",
          "Microsoft.AspNetCore.OpenApi": "[9.0.4, )",
          "Microsoft.Data.SqlClient": "[5.2.2, )",
          "Microsoft.EntityFrameworkCore.InMemory": "[9.0.3, )",
          "Microsoft.EntityFrameworkCore.SqlServer": "[9.0.3, )",
          "Microsoft.Extensions.Diagnostics.HealthChecks.EntityFrameworkCore": "[9.0.3, )",
          "Scalar.AspNetCore": "[2.1.0, )"
        }
      }
    }
  }
}