#By default the package.lock.json isn't updated by Dependabot, with this workflow we force an update for all the package.lock.json files
name: Update NuGet lockfiles
on:
  push:
  #pull_request:
  #  types: 
  #   - opened

jobs:
  update-lockfiles:
    #if: ${{ github.actor == 'dependabot[bot]' && contains(github.head_ref, 'dependabot/') && contains(github.event.pull_request.labels.*.name, '.NET') }}
    #if: contains(github.head_ref, 'dependabot/') && contains(github.event.pull_request.labels.*.name, '.NET')
    if: contains(github.head_ref, 'dependabot/')
    permissions: 
      contents: write
    runs-on: ubuntu-latest
    steps:
      - uses: actions/checkout@v3
        with:
          ref: ${{ github.head_ref }}
      - run: echo ${{ github.head_ref }}
      - run: echo ${{ github.event.pull_request.labels }}
      - uses: actions/setup-dotnet@v3
      - name: Restore dependencies
        run: dotnet restore --force-evaluate
      - uses: stefanzweifel/git-auto-commit-action@v4
        with:
          commit_message: Update lockfiles
          commit_user_name: github-actions[bot]
          commit_user_email: github-actions[bot]@users.noreply.github.com
          file_pattern: '**/packages.lock.json'
